
Microsoft Visual Studio Solution File, Format Version 12.00
# Visual Studio Version 16
VisualStudioVersion = 16.0.31727.386
MinimumVisualStudioVersion = 10.0.40219.1
Project("{FAE04EC0-301F-11D3-BF4B-00C04F79EFBC}") = "Converter", "Converter.csproj", "{8E7F30D9-360E-46EE-AA08-745AB4DE6839}"
EndProject
Project("{FAE04EC0-301F-11D3-BF4B-00C04F79EFBC}") = "ConverterConsole", "..\ConverterConsole\ConverterConsole.csproj", "{8CB6E8EC-4B6F-452E-991D-1D2B91F06C52}"
EndProject
Global
	GlobalSection(SolutionConfigurationPlatforms) = preSolution
		Debug|Any CPU = Debug|Any CPU
		Release|Any CPU = Release|Any CPU
	EndGlobalSection
	GlobalSection(ProjectConfigurationPlatforms) = postSolution
		{8E7F30D9-360E-46EE-AA08-745AB4DE6839}.Debug|Any CPU.ActiveCfg = Debug|Any CPU
		{8E7F30D9-360E-46EE-AA08-745AB4DE6839}.Debug|Any CPU.Build.0 = Debug|Any CPU
		{8E7F30D9-360E-46EE-AA08-745AB4DE6839}.Release|Any CPU.ActiveCfg = Release|Any CPU
		{8E7F30D9-360E-46EE-AA08-745AB4DE6839}.Release|Any CPU.Build.0 = Release|Any CPU
		{8CB6E8EC-4B6F-452E-991D-1D2B91F06C52}.Debug|Any CPU.ActiveCfg = Debug|Any CPU
		{8CB6E8EC-4B6F-452E-991D-1D2B91F06C52}.Debug|Any CPU.Build.0 = Debug|Any CPU
		{8CB6E8EC-4B6F-452E-991D-1D2B91F06C52}.Release|Any CPU.ActiveCfg = Release|Any CPU
		{8CB6E8EC-4B6F-452E-991D-1D2B91F06C52}.Release|Any CPU.Build.0 = Release|Any CPU
	EndGlobalSection
	GlobalSection(SolutionProperties) = preSolution
		HideSolutionNode = FALSE
	EndGlobalSection
	GlobalSection(ExtensibilityGlobals) = postSolution
		SolutionGuid = {17465B4C-E1F2-48E1-88B4-FC9593FA8C5E}
	EndGlobalSection
EndGlobal
